
Microsoft Visual Studio Solution File, Format Version 9.00
# Visual Studio 2005
Project("{8BC9CEB8-8B4A-11D0-8D11-00A0C91BC942}") = "openxmpp", "openxmpp.vcproj", "{F8C5F00F-94C9-456F-B2B0-EDD5ED14A79E}"
EndProject
Project("{8BC9CEB8-8B4A-11D0-8D11-00A0C91BC942}") = "test_openxmpp", "test_openxmpp.vcproj", "{857A2AED-5C6D-4405-ADE6-DD809DF14A19}"
EndProject
Project("{8BC9CEB8-8B4A-11D0-8D11-00A0C91BC942}") = "launcher", "launcher.vcproj", "{D630514B-4725-4094-A3CD-35858E5BAF0B}"
EndProject
Global
	GlobalSection(SolutionConfigurationPlatforms) = preSolution
		Debug|Win32 = Debug|Win32
		Release|Win32 = Release|Win32
	EndGlobalSection
	GlobalSection(ProjectConfigurationPlatforms) = postSolution
		{F8C5F00F-94C9-456F-B2B0-EDD5ED14A79E}.Debug|Win32.ActiveCfg = Debug|Win32
		{F8C5F00F-94C9-456F-B2B0-EDD5ED14A79E}.Debug|Win32.Build.0 = Debug|Win32
		{F8C5F00F-94C9-456F-B2B0-EDD5ED14A79E}.Release|Win32.ActiveCfg = Release|Win32
		{F8C5F00F-94C9-456F-B2B0-EDD5ED14A79E}.Release|Win32.Build.0 = Release|Win32
		{857A2AED-5C6D-4405-ADE6-DD809DF14A19}.Debug|Win32.ActiveCfg = Debug|Win32
		{857A2AED-5C6D-4405-ADE6-DD809DF14A19}.Debug|Win32.Build.0 = Debug|Win32
		{857A2AED-5C6D-4405-ADE6-DD809DF14A19}.Release|Win32.ActiveCfg = Release|Win32
		{857A2AED-5C6D-4405-ADE6-DD809DF14A19}.Release|Win32.Build.0 = Release|Win32
		{D630514B-4725-4094-A3CD-35858E5BAF0B}.Debug|Win32.ActiveCfg = Debug|Win32
		{D630514B-4725-4094-A3CD-35858E5BAF0B}.Debug|Win32.Build.0 = Debug|Win32
		{D630514B-4725-4094-A3CD-35858E5BAF0B}.Release|Win32.ActiveCfg = Release|Win32
		{D630514B-4725-4094-A3CD-35858E5BAF0B}.Release|Win32.Build.0 = Release|Win32
	EndGlobalSection
	GlobalSection(SolutionProperties) = preSolution
		HideSolutionNode = FALSE
	EndGlobalSection
EndGlobal
